
Microsoft Visual Studio Solution File, Format Version 12.00
# Visual Studio Version 17
VisualStudioVersion = 17.12.35707.178 d17.12
MinimumVisualStudioVersion = 10.0.40219.1
Project("{FAE04EC0-301F-11D3-BF4B-00C04F79EFBC}") = "PruebaUPCH.Api", "PruebaUPCH.Api\PruebaUPCH.Api.csproj", "{0B0C1050-2D36-400D-8F5B-50D9C485E51A}"
EndProject
Project("{FAE04EC0-301F-11D3-BF4B-00C04F79EFBC}") = "PruebaUPCH.Application", "PruebaUPCH.Application\PruebaUPCH.Application.csproj", "{4C84A80F-25D1-433F-A750-0CE317B4CBEF}"
EndProject
Project("{FAE04EC0-301F-11D3-BF4B-00C04F79EFBC}") = "PruebaUPCH.Domain", "PruebaUPCH.Domain\PruebaUPCH.Domain.csproj", "{1981153C-AF21-484E-AEAD-825B53736AC1}"
EndProject
Project("{FAE04EC0-301F-11D3-BF4B-00C04F79EFBC}") = "PruebaUPCH.Infrastructure", "Infrastructure\PruebaUPCH.Infrastructure.csproj", "{226EA0BD-51D1-4017-B2CF-F35AFB9C8C58}"
EndProject
Global
	GlobalSection(SolutionConfigurationPlatforms) = preSolution
		Debug|Any CPU = Debug|Any CPU
		Release|Any CPU = Release|Any CPU
	EndGlobalSection
	GlobalSection(ProjectConfigurationPlatforms) = postSolution
		{0B0C1050-2D36-400D-8F5B-50D9C485E51A}.Debug|Any CPU.ActiveCfg = Debug|Any CPU
		{0B0C1050-2D36-400D-8F5B-50D9C485E51A}.Debug|Any CPU.Build.0 = Debug|Any CPU
		{0B0C1050-2D36-400D-8F5B-50D9C485E51A}.Release|Any CPU.ActiveCfg = Release|Any CPU
		{0B0C1050-2D36-400D-8F5B-50D9C485E51A}.Release|Any CPU.Build.0 = Release|Any CPU
		{4C84A80F-25D1-433F-A750-0CE317B4CBEF}.Debug|Any CPU.ActiveCfg = Debug|Any CPU
		{4C84A80F-25D1-433F-A750-0CE317B4CBEF}.Debug|Any CPU.Build.0 = Debug|Any CPU
		{4C84A80F-25D1-433F-A750-0CE317B4CBEF}.Release|Any CPU.ActiveCfg = Release|Any CPU
		{4C84A80F-25D1-433F-A750-0CE317B4CBEF}.Release|Any CPU.Build.0 = Release|Any CPU
		{1981153C-AF21-484E-AEAD-825B53736AC1}.Debug|Any CPU.ActiveCfg = Debug|Any CPU
		{1981153C-AF21-484E-AEAD-825B53736AC1}.Debug|Any CPU.Build.0 = Debug|Any CPU
		{1981153C-AF21-484E-AEAD-825B53736AC1}.Release|Any CPU.ActiveCfg = Release|Any CPU
		{1981153C-AF21-484E-AEAD-825B53736AC1}.Release|Any CPU.Build.0 = Release|Any CPU
		{226EA0BD-51D1-4017-B2CF-F35AFB9C8C58}.Debug|Any CPU.ActiveCfg = Debug|Any CPU
		{226EA0BD-51D1-4017-B2CF-F35AFB9C8C58}.Debug|Any CPU.Build.0 = Debug|Any CPU
		{226EA0BD-51D1-4017-B2CF-F35AFB9C8C58}.Release|Any CPU.ActiveCfg = Release|Any CPU
		{226EA0BD-51D1-4017-B2CF-F35AFB9C8C58}.Release|Any CPU.Build.0 = Release|Any CPU
	EndGlobalSection
	GlobalSection(SolutionProperties) = preSolution
		HideSolutionNode = FALSE
	EndGlobalSection
EndGlobal
